dependencies:
- name: postgresql
  repository: https://charts.bitnami.com/bitnami
  version: 18.2.3
- name: defguard-proxy
  repository: https://defguard.github.io/deployment
  version: 0.8.2
- name: defguard-gateway
  repository: https://defguard.github.io/deployment
  version: 0.5.2
digest: sha256:a1897583c67ac3b1209e786fbb689b099bc8ca5ac6001a08460a764cb4190a5a
generated: "2026-02-02T09:53:15.675646+01:00"
