dependencies:
- name: postgresql
  repository: https://charts.bitnami.com/bitnami
  version: 12.12.10
- name: defguard-proxy
  repository: https://defguard.github.io/deployment
  version: 0.3.5
digest: sha256:de930b480616cfa369caf7b1447c5b3e729fce3e17994717ab0f64aa02c027e7
generated: "2024-07-26T09:00:54.309522115+02:00"
